
Microsoft Visual Studio Solution File, Format Version 12.00
# Visual Studio Version 17
VisualStudioVersion = 17.14.36301.6
MinimumVisualStudioVersion = 10.0.40219.1
Project("{FAE04EC0-301F-11D3-BF4B-00C04F79EFBC}") = "Bookify.Web", "Bookify.Web\Bookify.Web.csproj", "{4DEB6208-9C05-4F82-ACD8-8108F517DCCC}"
EndProject
Project("{FAE04EC0-301F-11D3-BF4B-00C04F79EFBC}") = "Bookify.Data", "Bookify.Data\Bookify.Data.csproj", "{DBA0EFAB-DDF4-4A4C-85C7-FB9B152F0337}"
EndProject
Project("{FAE04EC0-301F-11D3-BF4B-00C04F79EFBC}") = "Bookify.Services", "Bookify.Services\Bookify.Services.csproj", "{C40B7D67-B33C-460A-88AF-A7C6382DAD1F}"
EndProject
Global
	GlobalSection(SolutionConfigurationPlatforms) = preSolution
		Debug|Any CPU = Debug|Any CPU
		Release|Any CPU = Release|Any CPU
	EndGlobalSection
	GlobalSection(ProjectConfigurationPlatforms) = postSolution
		{4DEB6208-9C05-4F82-ACD8-8108F517DCCC}.Debug|Any CPU.ActiveCfg = Debug|Any CPU
		{4DEB6208-9C05-4F82-ACD8-8108F517DCCC}.Debug|Any CPU.Build.0 = Debug|Any CPU
		{4DEB6208-9C05-4F82-ACD8-8108F517DCCC}.Release|Any CPU.ActiveCfg = Release|Any CPU
		{4DEB6208-9C05-4F82-ACD8-8108F517DCCC}.Release|Any CPU.Build.0 = Release|Any CPU
		{DBA0EFAB-DDF4-4A4C-85C7-FB9B152F0337}.Debug|Any CPU.ActiveCfg = Debug|Any CPU
		{DBA0EFAB-DDF4-4A4C-85C7-FB9B152F0337}.Debug|Any CPU.Build.0 = Debug|Any CPU
		{DBA0EFAB-DDF4-4A4C-85C7-FB9B152F0337}.Release|Any CPU.ActiveCfg = Release|Any CPU
		{DBA0EFAB-DDF4-4A4C-85C7-FB9B152F0337}.Release|Any CPU.Build.0 = Release|Any CPU
		{C40B7D67-B33C-460A-88AF-A7C6382DAD1F}.Debug|Any CPU.ActiveCfg = Debug|Any CPU
		{C40B7D67-B33C-460A-88AF-A7C6382DAD1F}.Debug|Any CPU.Build.0 = Debug|Any CPU
		{C40B7D67-B33C-460A-88AF-A7C6382DAD1F}.Release|Any CPU.ActiveCfg = Release|Any CPU
		{C40B7D67-B33C-460A-88AF-A7C6382DAD1F}.Release|Any CPU.Build.0 = Release|Any CPU
	EndGlobalSection
	GlobalSection(SolutionProperties) = preSolution
		HideSolutionNode = FALSE
	EndGlobalSection
	GlobalSection(ExtensibilityGlobals) = postSolution
		SolutionGuid = {C0811296-85B4-4A66-A3D6-8AE817AA1825}
	EndGlobalSection
EndGlobal
